// !$*UTF8*$!
{
	archiveVersion = 1;
	classes = {
	};
	objectVersion = 50;
	objects = {

/* Begin PBXBuildFile section */
		597C15A724845BA600C712E0 /* AppDelegate.swift in Sources */ = {isa = PBXBuildFile; fileRef = 597C15A624845BA600C712E0 /* AppDelegate.swift */; };
		597C15A924845BA600C712E0 /* SceneDelegate.swift in Sources */ = {isa = PBXBuildFile; fileRef = 597C15A824845BA600C712E0 /* SceneDelegate.swift */; };
		597C15AB24845BA600C712E0 /* ViewController.swift in Sources */ = {isa = PBXBuildFile; fileRef = 597C15AA24845BA600C712E0 /* ViewController.swift */; };
		597C15AE24845BA600C712E0 /* Main.storyboard in Resources */ = {isa = PBXBuildFile; fileRef = 597C15AC24845BA600C712E0 /* Main.storyboard */; };
		597C15B024845BAB00C712E0 /* Assets.xcassets in Resources */ = {isa = PBXBuildFile; fileRef = 597C15AF24845BAB00C712E0 /* Assets.xcassets */; };
		597C15B324845BAB00C712E0 /* LaunchScreen.storyboard in Resources */ = {isa = PBXBuildFile; fileRef = 597C15B124845BAB00C712E0 /* LaunchScreen.storyboard */; };
		597C15BB24855C1500C712E0 /* CosmosViewController.swift in Sources */ = {isa = PBXBuildFile; fileRef = 597C15BA24855C1500C712E0 /* CosmosViewController.swift */; };
		597C15BD2486F17C00C712E0 /* QuestionCosmos.swift in Sources */ = {isa = PBXBuildFile; fileRef = 597C15BC2486F17C00C712E0 /* QuestionCosmos.swift */; };
		597C15BF2486F39100C712E0 /* QustionBank.swift in Sources */ = {isa = PBXBuildFile; fileRef = 597C15BE2486F39100C712E0 /* QustionBank.swift */; };
		597C15C22487AA7E00C712E0 /* Helpers.swift in Sources */ = {isa = PBXBuildFile; fileRef = 597C15C12487AA7E00C712E0 /* Helpers.swift */; };
		597C15C42487AB0800C712E0 /* BookViewController.swift in Sources */ = {isa = PBXBuildFile; fileRef = 597C15C32487AB0800C712E0 /* BookViewController.swift */; };
		597C15C62487B8F600C712E0 /* QustionBook.swift in Sources */ = {isa = PBXBuildFile; fileRef = 597C15C52487B8F600C712E0 /* QustionBook.swift */; };
/* End PBXBuildFile section */

/* Begin PBXFileReference section */
		597C15A324845BA600C712E0 /* Quizz.app */ = {isa = PBXFileReference; explicitFileType = wrapper.application; includeInIndex = 0; path = Quizz.app; sourceTree = BUILT_PRODUCTS_DIR; };
		597C15A624845BA600C712E0 /* AppDelegate.swift */ = {isa = PBXFileReference; lastKnownFileType = sourcecode.swift; path = AppDelegate.swift; sourceTree = "<group>"; };
		597C15A824845BA600C712E0 /* SceneDelegate.swift */ = {isa = PBXFileReference; lastKnownFileType = sourcecode.swift; path = SceneDelegate.swift; sourceTree = "<group>"; };
		597C15AA24845BA600C712E0 /* ViewController.swift */ = {isa = PBXFileReference; lastKnownFileType = sourcecode.swift; path = ViewController.swift; sourceTree = "<group>"; };
		597C15AD24845BA600C712E0 /* Base */ = {isa = PBXFileReference; lastKnownFileType = file.storyboard; name = Base; path = Base.lproj/Main.storyboard; sourceTree = "<group>"; };
		597C15AF24845BAB00C712E0 /* Assets.xcassets */ = {isa = PBXFileReference; lastKnownFileType = folder.assetcatalog; path = Assets.xcassets; sourceTree = "<group>"; };
		597C15B224845BAB00C712E0 /* Base */ = {isa = PBXFileReference; lastKnownFileType = file.storyboard; name = Base; path = Base.lproj/LaunchScreen.storyboard; sourceTree = "<group>"; };
		597C15B424845BAB00C712E0 /* Info.plist */ = {isa = PBXFileReference; lastKnownFileType = text.plist.xml; path = Info.plist; sourceTree = "<group>"; };
		597C15BA24855C1500C712E0 /* CosmosViewController.swift */ = {isa = PBXFileReference; lastKnownFileType = sourcecode.swift; path = CosmosViewController.swift; sourceTree = "<group>"; };
		597C15BC2486F17C00C712E0 /* QuestionCosmos.swift */ = {isa = PBXFileReference; lastKnownFileType = sourcecode.swift; path = QuestionCosmos.swift; sourceTree = "<group>"; };
		597C15BE2486F39100C712E0 /* QustionBank.swift */ = {isa = PBXFileReference; lastKnownFileType = sourcecode.swift; path = QustionBank.swift; sourceTree = "<group>"; };
		597C15C12487AA7E00C712E0 /* Helpers.swift */ = {isa = PBXFileReference; lastKnownFileType = sourcecode.swift; path = Helpers.swift; sourceTree = "<group>"; };
		597C15C32487AB0800C712E0 /* BookViewController.swift */ = {isa = PBXFileReference; lastKnownFileType = sourcecode.swift; path = BookViewController.swift; sourceTree = "<group>"; };
		597C15C52487B8F600C712E0 /* QustionBook.swift */ = {isa = PBXFileReference; lastKnownFileType = sourcecode.swift; path = QustionBook.swift; sourceTree = "<group>"; };
/* End PBXFileReference section */

/* Begin PBXFrameworksBuildPhase section */
		597C15A024845BA600C712E0 /* Frameworks */ = {
			isa = PBXFrameworksBuildPhase;
			buildActionMask = 2147483647;
			files = (
			);
			runOnlyForDeploymentPostprocessing = 0;
		};
/* End PBXFrameworksBuildPhase section */

/* Begin PBXGroup section */
		597C159A24845BA600C712E0 = {
			isa = PBXGroup;
			children = (
				597C15A524845BA600C712E0 /* Quizz */,
				597C15A424845BA600C712E0 /* Products */,
			);
			sourceTree = "<group>";
		};
		597C15A424845BA600C712E0 /* Products */ = {
			isa = PBXGroup;
			children = (
				597C15A324845BA600C712E0 /* Quizz.app */,
			);
			name = Products;
			sourceTree = "<group>";
		};
		597C15A524845BA600C712E0 /* Quizz */ = {
			isa = PBXGroup;
			children = (
				597C15A624845BA600C712E0 /* AppDelegate.swift */,
				597C15A824845BA600C712E0 /* SceneDelegate.swift */,
				597C15C82487BCC300C712E0 /* New Group */,
				597C15C0248724EA00C712E0 /* Cosmos */,
				597C15BE2486F39100C712E0 /* QustionBank.swift */,
				597C15BA24855C1500C712E0 /* CosmosViewController.swift */,
				597C15C32487AB0800C712E0 /* BookViewController.swift */,
				597C15AA24845BA600C712E0 /* ViewController.swift */,
				597C15C12487AA7E00C712E0 /* Helpers.swift */,
				597C15AC24845BA600C712E0 /* Main.storyboard */,
				597C15AF24845BAB00C712E0 /* Assets.xcassets */,
				597C15B124845BAB00C712E0 /* LaunchScreen.storyboard */,
				597C15B424845BAB00C712E0 /* Info.plist */,
			);
			path = Quizz;
			sourceTree = "<group>";
		};
		597C15C0248724EA00C712E0 /* Cosmos */ = {
			isa = PBXGroup;
			children = (
				597C15BC2486F17C00C712E0 /* QuestionCosmos.swift */,
			);
			path = Cosmos;
			sourceTree = "<group>";
		};
		597C15C82487BCC300C712E0 /* New Group */ = {
			isa = PBXGroup;
			children = (
				597C15C52487B8F600C712E0 /* QustionBook.swift */,
			);
			path = "New Group";
			sourceTree = "<group>";
		};
/* End PBXGroup section */

/* Begin PBXNativeTarget section */
		597C15A224845BA600C712E0 /* Quizz */ = {
			isa = PBXNativeTarget;
			buildConfigurationList = 597C15B724845BAB00C712E0 /* Build configuration list for PBXNativeTarget "Quizz" */;
			buildPhases = (
				597C159F24845BA600C712E0 /* Sources */,
				597C15A024845BA600C712E0 /* Frameworks */,
				597C15A124845BA600C712E0 /* Resources */,
			);
			buildRules = (
			);
			dependencies = (
			);
			name = Quizz;
			productName = Quizz;
			productReference = 597C15A324845BA600C712E0 /* Quizz.app */;
			productType = "com.apple.product-type.application";
		};
/* End PBXNativeTarget section */

/* Begin PBXProject section */
		597C159B24845BA600C712E0 /* Project object */ = {
			isa = PBXProject;
			attributes = {
				LastSwiftUpdateCheck = 1130;
				LastUpgradeCheck = 1130;
				ORGANIZATIONNAME = "Пользователь";
				TargetAttributes = {
					597C15A224845BA600C712E0 = {
						CreatedOnToolsVersion = 11.3;
					};
				};
			};
			buildConfigurationList = 597C159E24845BA600C712E0 /* Build configuration list for PBXProject "Quizz" */;
			compatibilityVersion = "Xcode 9.3";
			developmentRegion = en;
			hasScannedForEncodings = 0;
			knownRegions = (
				en,
				Base,
			);
			mainGroup = 597C159A24845BA600C712E0;
			productRefGroup = 597C15A424845BA600C712E0 /* Products */;
			projectDirPath = "";
			projectRoot = "";
			targets = (
				597C15A224845BA600C712E0 /* Quizz */,
			);
		};
/* End PBXProject section */

/* Begin PBXResourcesBuildPhase section */
		597C15A124845BA600C712E0 /* Resources */ = {
			isa = PBXResourcesBuildPhase;
			buildActionMask = 2147483647;
			files = (
				597C15B324845BAB00C712E0 /* LaunchScreen.storyboard in Resources */,
				597C15B024845BAB00C712E0 /* Assets.xcassets in Resources */,
				597C15AE24845BA600C712E0 /* Main.storyboard in Resources */,
			);
			runOnlyForDeploymentPostprocessing = 0;
		};
/* End PBXResourcesBuildPhase section */

/* Begin PBXSourcesBuildPhase section */
		597C159F24845BA600C712E0 /* Sources */ = {
			isa = PBXSourcesBuildPhase;
			buildActionMask = 2147483647;
			files = (
				597C15BD2486F17C00C712E0 /* QuestionCosmos.swift in Sources */,
				597C15C22487AA7E00C712E0 /* Helpers.swift in Sources */,
				597C15BF2486F39100C712E0 /* QustionBank.swift in Sources */,
				597C15C62487B8F600C712E0 /* QustionBook.swift in Sources */,
				597C15BB24855C1500C712E0 /* CosmosViewController.swift in Sources */,
				597C15AB24845BA600C712E0 /* ViewController.swift in Sources */,
				597C15C42487AB0800C712E0 /* BookViewController.swift in Sources */,
				597C15A724845BA600C712E0 /* AppDelegate.swift in Sources */,
				597C15A924845BA600C712E0 /* SceneDelegate.swift in Sources */,
			);
			runOnlyForDeploymentPostprocessing = 0;
		};
/* End PBXSourcesBuildPhase section */

/* Begin PBXVariantGroup section */
		597C15AC24845BA600C712E0 /* Main.storyboard */ = {
			isa = PBXVariantGroup;
			children = (
				597C15AD24845BA600C712E0 /* Base */,
			);
			name = Main.storyboard;
			sourceTree = "<group>";
		};
		597C15B124845BAB00C712E0 /* LaunchScreen.storyboard */ = {
			isa = PBXVariantGroup;
			children = (
				597C15B224845BAB00C712E0 /* Base */,
			);
			name = LaunchScreen.storyboard;
			sourceTree = "<group>";
		};
/* End PBXVariantGroup section */

/* Begin XCBuildConfiguration section */
		597C15B524845BAB00C712E0 /* Debug */ = {
			isa = XCBuildConfiguration;
			buildSettings = {
				ALWAYS_SEARCH_USER_PATHS = NO;
				CLANG_ANALYZER_NONNULL = YES;
				CLANG_ANALYZER_NUMBER_OBJECT_CONVERSION = YES_AGGRESSIVE;
				CLANG_CXX_LANGUAGE_STANDARD = "gnu++14";
				CLANG_CXX_LIBRARY = "libc++";
				CLANG_ENABLE_MODULES = YES;
				CLANG_ENABLE_OBJC_ARC = YES;
				CLANG_ENABLE_OBJC_WEAK = YES;
				CLANG_WARN_BLOCK_CAPTURE_AUTORELEASING = YES;
				CLANG_WARN_BOOL_CONVERSION = YES;
				CLANG_WARN_COMMA = YES;
				CLANG_WARN_CONSTANT_CONVERSION = YES;
				CLANG_WARN_DEPRECATED_OBJC_IMPLEMENTATIONS = YES;
				CLANG_WARN_DIRECT_OBJC_ISA_USAGE = YES_ERROR;
				CLANG_WARN_DOCUMENTATION_COMMENTS = YES;
				CLANG_WARN_EMPTY_BODY = YES;
				CLANG_WARN_ENUM_CONVERSION = YES;
				CLANG_WARN_INFINITE_RECURSION = YES;
				CLANG_WARN_INT_CONVERSION = YES;
				CLANG_WARN_NON_LITERAL_NULL_CONVERSION = YES;
				CLANG_WARN_OBJC_IMPLICIT_RETAIN_SELF = YES;
				CLANG_WARN_OBJC_LITERAL_CONVERSION = YES;
				CLANG_WARN_OBJC_ROOT_CLASS = YES_ERROR;
				CLANG_WARN_RANGE_LOOP_ANALYSIS = YES;
				CLANG_WARN_STRICT_PROTOTYPES = YES;
				CLANG_WARN_SUSPICIOUS_MOVE = YES;
				CLANG_WARN_UNGUARDED_AVAILABILITY = YES_AGGRESSIVE;
				CLANG_WARN_UNREACHABLE_CODE = YES;
				CLANG_WARN__DUPLICATE_METHOD_MATCH = YES;
				COPY_PHASE_STRIP = NO;
				DEBUG_INFORMATION_FORMAT = dwarf;
				ENABLE_STRICT_OBJC_MSGSEND = YES;
				ENABLE_TESTABILITY = YES;
				GCC_C_LANGUAGE_STANDARD = gnu11;
				GCC_DYNAMIC_NO_PIC = NO;
				GCC_NO_COMMON_BLOCKS = YES;
				GCC_OPTIMIZATION_LEVEL = 0;
				GCC_PREPROCESSOR_DEFINITIONS = (
					"DEBUG=1",
					"$(inherited)",
				);
				GCC_WARN_64_TO_32_BIT_CONVERSION = YES;
				GCC_WARN_ABOUT_RETURN_TYPE = YES_ERROR;
				GCC_WARN_UNDECLARED_SELECTOR = YES;
				GCC_WARN_UNINITIALIZED_AUTOS = YES_AGGRESSIVE;
				GCC_WARN_UNUSED_FUNCTION = YES;
				GCC_WARN_UNUSED_VARIABLE = YES;
				IPHONEOS_DEPLOYMENT_TARGET = 13.2;
				MTL_ENABLE_DEBUG_INFO = INCLUDE_SOURCE;
				MTL_FAST_MATH = YES;
				ONLY_ACTIVE_ARCH = YES;
				SDKROOT = iphoneos;
				SWIFT_ACTIVE_COMPILATION_CONDITIONS = DEBUG;
				SWIFT_OPTIMIZATION_LEVEL = "-Onone";
			};
			name = Debug;
		};
		597C15B624845BAB00C712E0 /* Release */ = {
			isa = XCBuildConfiguration;
			buildSettings = {
				ALWAYS_SEARCH_USER_PATHS = NO;
				CLANG_ANALYZER_NONNULL = YES;
				CLANG_ANALYZER_NUMBER_OBJECT_CONVERSION = YES_AGGRESSIVE;
				CLANG_CXX_LANGUAGE_STANDARD = "gnu++14";
				CLANG_CXX_LIBRARY = "libc++";
				CLANG_ENABLE_MODULES = YES;
				CLANG_ENABLE_OBJC_ARC = YES;
				CLANG_ENABLE_OBJC_WEAK = YES;
				CLANG_WARN_BLOCK_CAPTURE_AUTORELEASING = YES;
				CLANG_WARN_BOOL_CONVERSION = YES;
				CLANG_WARN_COMMA = YES;
				CLANG_WARN_CONSTANT_CONVERSION = YES;
				CLANG_WARN_DEPRECATED_OBJC_IMPLEMENTATIONS = YES;
				CLANG_WARN_DIRECT_OBJC_ISA_USAGE = YES_ERROR;
				CLANG_WARN_DOCUMENTATION_COMMENTS = YES;
				CLANG_WARN_EMPTY_BODY = YES;
				CLANG_WARN_ENUM_CONVERSION = YES;
				CLANG_WARN_INFINITE_RECURSION = YES;
				CLANG_WARN_INT_CONVERSION = YES;
				CLANG_WARN_NON_LITERAL_NULL_CONVERSION = YES;
				CLANG_WARN_OBJC_IMPLICIT_RETAIN_SELF = YES;
				CLANG_WARN_OBJC_LITERAL_CONVERSION = YES;
				CLANG_WARN_OBJC_ROOT_CLASS = YES_ERROR;
				CLANG_WARN_RANGE_LOOP_ANALYSIS = YES;
				CLANG_WARN_STRICT_PROTOTYPES = YES;
				CLANG_WARN_SUSPICIOUS_MOVE = YES;
				CLANG_WARN_UNGUARDED_AVAILABILITY = YES_AGGRESSIVE;
				CLANG_WARN_UNREACHABLE_CODE = YES;
				CLANG_WARN__DUPLICATE_METHOD_MATCH = YES;
				COPY_PHASE_STRIP = NO;
				DEBUG_INFORMATION_FORMAT = "dwarf-with-dsym";
				ENABLE_NS_ASSERTIONS = NO;
				ENABLE_STRICT_OBJC_MSGSEND = YES;
				GCC_C_LANGUAGE_STANDARD = gnu11;
				GCC_NO_COMMON_BLOCKS = YES;
				GCC_WARN_64_TO_32_BIT_CONVERSION = YES;
				GCC_WARN_ABOUT_RETURN_TYPE = YES_ERROR;
				GCC_WARN_UNDECLARED_SELECTOR = YES;
				GCC_WARN_UNINITIALIZED_AUTOS = YES_AGGRESSIVE;
				GCC_WARN_UNUSED_FUNCTION = YES;
				GCC_WARN_UNUSED_VARIABLE = YES;
				IPHONEOS_DEPLOYMENT_TARGET = 13.2;
				MTL_ENABLE_DEBUG_INFO = NO;
				MTL_FAST_MATH = YES;
				SDKROOT = iphoneos;
				SWIFT_COMPILATION_MODE = wholemodule;
				SWIFT_OPTIMIZATION_LEVEL = "-O";
				VALIDATE_PRODUCT = YES;
			};
			name = Release;
		};
		597C15B824845BAB00C712E0 /* Debug */ = {
			isa = XCBuildConfiguration;
			buildSettings = {
				ASSETCATALOG_COMPILER_APPICON_NAME = AppIcon;
				CODE_SIGN_STYLE = Automatic;
				INFOPLIST_FILE = Quizz/Info.plist;
				LD_RUNPATH_SEARCH_PATHS = (
					"$(inherited)",
					"@executable_path/Frameworks",
				);
				PRODUCT_BUNDLE_IDENTIFIER = NK.Quizz;
				PRODUCT_NAME = "$(TARGET_NAME)";
				SWIFT_VERSION = 5.0;
				TARGETED_DEVICE_FAMILY = "1,2";
			};
			name = Debug;
		};
		597C15B924845BAB00C712E0 /* Release */ = {
			isa = XCBuildConfiguration;
			buildSettings = {
				ASSETCATALOG_COMPILER_APPICON_NAME = AppIcon;
				CODE_SIGN_STYLE = Automatic;
				INFOPLIST_FILE = Quizz/Info.plist;
				LD_RUNPATH_SEARCH_PATHS = (
					"$(inherited)",
					"@executable_path/Frameworks",
				);
				PRODUCT_BUNDLE_IDENTIFIER = NK.Quizz;
				PRODUCT_NAME = "$(TARGET_NAME)";
				SWIFT_VERSION = 5.0;
				TARGETED_DEVICE_FAMILY = "1,2";
			};
			name = Release;
		};
/* End XCBuildConfiguration section */

/* Begin XCConfigurationList section */
		597C159E24845BA600C712E0 /* Build configuration list for PBXProject "Quizz" */ = {
			isa = XCConfigurationList;
			buildConfigurations = (
				597C15B524845BAB00C712E0 /* Debug */,
				597C15B624845BAB00C712E0 /* Release */,
			);
			defaultConfigurationIsVisible = 0;
			defaultConfigurationName = Release;
		};
		597C15B724845BAB00C712E0 /* Build configuration list for PBXNativeTarget "Quizz" */ = {
			isa = XCConfigurationList;
			buildConfigurations = (
				597C15B824845BAB00C712E0 /* Debug */,
				597C15B924845BAB00C712E0 /* Release */,
			);
			defaultConfigurationIsVisible = 0;
			defaultConfigurationName = Release;
		};
/* End XCConfigurationList section */
	};
	rootObject = 597C159B24845BA600C712E0 /* Project object */;
}
